
Microsoft Visual Studio Solution File, Format Version 12.00
# Visual Studio 15
VisualStudioVersion = 15.0.28307.539
MinimumVisualStudioVersion = 10.0.40219.1
Project("{FAE04EC0-301F-11D3-BF4B-00C04F79EFBC}") = "MegaCoreFrontEnd", "MegaCoreFrontEnd\MegaCoreFrontEnd.csproj", "{D0FAB7A2-D531-4C1F-B698-62867370D59E}"
EndProject
Global
	GlobalSection(SolutionConfigurationPlatforms) = preSolution
		Debug|Any CPU = Debug|Any CPU
		Release|Any CPU = Release|Any CPU
	EndGlobalSection
	GlobalSection(ProjectConfigurationPlatforms) = postSolution
		{D0FAB7A2-D531-4C1F-B698-62867370D59E}.Debug|Any CPU.ActiveCfg = Debug|Any CPU
		{D0FAB7A2-D531-4C1F-B698-62867370D59E}.Debug|Any CPU.Build.0 = Debug|Any CPU
		{D0FAB7A2-D531-4C1F-B698-62867370D59E}.Release|Any CPU.ActiveCfg = Release|Any CPU
		{D0FAB7A2-D531-4C1F-B698-62867370D59E}.Release|Any CPU.Build.0 = Release|Any CPU
	EndGlobalSection
	GlobalSection(SolutionProperties) = preSolution
		HideSolutionNode = FALSE
	EndGlobalSection
	GlobalSection(ExtensibilityGlobals) = postSolution
		SolutionGuid = {D7F522C4-0874-46E7-A67E-CB1F41965050}
	EndGlobalSection
EndGlobal
